
Microsoft Visual Studio Solution File, Format Version 12.00
# Visual Studio 2013
VisualStudioVersion = 12.0.30110.0
MinimumVisualStudioVersion = 10.0.40219.1
Project("{8BC9CEB8-8B4A-11D0-8D11-00A0C91BC942}") = "LinearSolverLibrary", "LinearSolverLibrary\LinearSolverLibrary.vcxproj", "{A139880C-DA52-44C7-9F44-20B7FFD35EE1}"
	ProjectSection(ProjectDependencies) = postProject
		{8CC4C61B-665D-4D19-9C74-2C65316E545D} = {8CC4C61B-665D-4D19-9C74-2C65316E545D}
	EndProjectSection
EndProject
Project("{8BC9CEB8-8B4A-11D0-8D11-00A0C91BC942}") = "LinAlg", "LinAlg\LinAlg.vcxproj", "{8CC4C61B-665D-4D19-9C74-2C65316E545D}"
	ProjectSection(ProjectDependencies) = postProject
		{04DEF9AE-5B98-47E2-9FCE-35897574EEA9} = {04DEF9AE-5B98-47E2-9FCE-35897574EEA9}
	EndProjectSection
EndProject
Project("{8BC9CEB8-8B4A-11D0-8D11-00A0C91BC942}") = "FloridaSparseMatrixReaderLib", "FloridaSparseMatrixReaderLib\FloridaSparseMatrixReaderLib.vcxproj", "{BBDD266D-6E3F-48C1-8FC6-D5D0B61727B7}"
	ProjectSection(ProjectDependencies) = postProject
		{8CC4C61B-665D-4D19-9C74-2C65316E545D} = {8CC4C61B-665D-4D19-9C74-2C65316E545D}
		{04DEF9AE-5B98-47E2-9FCE-35897574EEA9} = {04DEF9AE-5B98-47E2-9FCE-35897574EEA9}
	EndProjectSection
EndProject
Project("{8BC9CEB8-8B4A-11D0-8D11-00A0C91BC942}") = "UnitTest", "UnitTest\UnitTest.vcxproj", "{412EA587-7361-4E82-B772-8A7FD380B6B8}"
	ProjectSection(ProjectDependencies) = postProject
		{A139880C-DA52-44C7-9F44-20B7FFD35EE1} = {A139880C-DA52-44C7-9F44-20B7FFD35EE1}
		{8CC4C61B-665D-4D19-9C74-2C65316E545D} = {8CC4C61B-665D-4D19-9C74-2C65316E545D}
		{BBDD266D-6E3F-48C1-8FC6-D5D0B61727B7} = {BBDD266D-6E3F-48C1-8FC6-D5D0B61727B7}
	EndProjectSection
EndProject
Project("{8BC9CEB8-8B4A-11D0-8D11-00A0C91BC942}") = "FloridaSparseMatrixReader", "FloridaSparseMatrixReader\FloridaSparseMatrixReader.vcxproj", "{91063F81-9843-470B-87B5-1BD9E7D9251E}"
	ProjectSection(ProjectDependencies) = postProject
		{8CC4C61B-665D-4D19-9C74-2C65316E545D} = {8CC4C61B-665D-4D19-9C74-2C65316E545D}
		{BBDD266D-6E3F-48C1-8FC6-D5D0B61727B7} = {BBDD266D-6E3F-48C1-8FC6-D5D0B61727B7}
		{04DEF9AE-5B98-47E2-9FCE-35897574EEA9} = {04DEF9AE-5B98-47E2-9FCE-35897574EEA9}
	EndProjectSection
EndProject
Project("{8BC9CEB8-8B4A-11D0-8D11-00A0C91BC942}") = "common", "common\common.vcxproj", "{04DEF9AE-5B98-47E2-9FCE-35897574EEA9}"
EndProject
Project("{8BC9CEB8-8B4A-11D0-8D11-00A0C91BC942}") = "FloridaVectorReader", "FloridaVectorReader\FloridaVectorReader.vcxproj", "{01DD04E3-50A7-44F5-AA5F-77531E14ADCF}"
	ProjectSection(ProjectDependencies) = postProject
		{8CC4C61B-665D-4D19-9C74-2C65316E545D} = {8CC4C61B-665D-4D19-9C74-2C65316E545D}
		{BBDD266D-6E3F-48C1-8FC6-D5D0B61727B7} = {BBDD266D-6E3F-48C1-8FC6-D5D0B61727B7}
		{04DEF9AE-5B98-47E2-9FCE-35897574EEA9} = {04DEF9AE-5B98-47E2-9FCE-35897574EEA9}
	EndProjectSection
EndProject
Project("{8BC9CEB8-8B4A-11D0-8D11-00A0C91BC942}") = "Standalone", "Standalone\Standalone.vcxproj", "{10D962ED-8538-4711-B0D5-411B6F06DB5C}"
	ProjectSection(ProjectDependencies) = postProject
		{A139880C-DA52-44C7-9F44-20B7FFD35EE1} = {A139880C-DA52-44C7-9F44-20B7FFD35EE1}
		{8CC4C61B-665D-4D19-9C74-2C65316E545D} = {8CC4C61B-665D-4D19-9C74-2C65316E545D}
		{BBDD266D-6E3F-48C1-8FC6-D5D0B61727B7} = {BBDD266D-6E3F-48C1-8FC6-D5D0B61727B7}
	EndProjectSection
EndProject
Global
	GlobalSection(SolutionConfigurationPlatforms) = preSolution
		Debug|Mixed Platforms = Debug|Mixed Platforms
		Debug|Win32 = Debug|Win32
		Debug|x64 = Debug|x64
		Integration Test Release With Debug|Mixed Platforms = Integration Test Release With Debug|Mixed Platforms
		Integration Test Release With Debug|Win32 = Integration Test Release With Debug|Win32
		Integration Test Release With Debug|x64 = Integration Test Release With Debug|x64
		IntegrationTest Debug|Mixed Platforms = IntegrationTest Debug|Mixed Platforms
		IntegrationTest Debug|Win32 = IntegrationTest Debug|Win32
		IntegrationTest Debug|x64 = IntegrationTest Debug|x64
		IntegrationTest Release|Mixed Platforms = IntegrationTest Release|Mixed Platforms
		IntegrationTest Release|Win32 = IntegrationTest Release|Win32
		IntegrationTest Release|x64 = IntegrationTest Release|x64
		Release|Mixed Platforms = Release|Mixed Platforms
		Release|Win32 = Release|Win32
		Release|x64 = Release|x64
	EndGlobalSection
	GlobalSection(ProjectConfigurationPlatforms) = postSolution
		{A139880C-DA52-44C7-9F44-20B7FFD35EE1}.Debug|Mixed Platforms.ActiveCfg = Debug|x64
		{A139880C-DA52-44C7-9F44-20B7FFD35EE1}.Debug|Mixed Platforms.Build.0 = Debug|x64
		{A139880C-DA52-44C7-9F44-20B7FFD35EE1}.Debug|Win32.ActiveCfg = Debug|x64
		{A139880C-DA52-44C7-9F44-20B7FFD35EE1}.Debug|x64.ActiveCfg = Debug|x64
		{A139880C-DA52-44C7-9F44-20B7FFD35EE1}.Debug|x64.Build.0 = Debug|x64
		{A139880C-DA52-44C7-9F44-20B7FFD35EE1}.Integration Test Release With Debug|Mixed Platforms.ActiveCfg = Integration Test Release With Debug|x64
		{A139880C-DA52-44C7-9F44-20B7FFD35EE1}.Integration Test Release With Debug|Mixed Platforms.Build.0 = Integration Test Release With Debug|x64
		{A139880C-DA52-44C7-9F44-20B7FFD35EE1}.Integration Test Release With Debug|Win32.ActiveCfg = Integration Test Release With Debug|x64
		{A139880C-DA52-44C7-9F44-20B7FFD35EE1}.Integration Test Release With Debug|x64.ActiveCfg = Integration Test Release With Debug|x64
		{A139880C-DA52-44C7-9F44-20B7FFD35EE1}.Integration Test Release With Debug|x64.Build.0 = Integration Test Release With Debug|x64
		{A139880C-DA52-44C7-9F44-20B7FFD35EE1}.IntegrationTest Debug|Mixed Platforms.ActiveCfg = IntegrationTest Debug|x64
		{A139880C-DA52-44C7-9F44-20B7FFD35EE1}.IntegrationTest Debug|Mixed Platforms.Build.0 = IntegrationTest Debug|x64
		{A139880C-DA52-44C7-9F44-20B7FFD35EE1}.IntegrationTest Debug|Win32.ActiveCfg = IntegrationTest Debug|x64
		{A139880C-DA52-44C7-9F44-20B7FFD35EE1}.IntegrationTest Debug|x64.ActiveCfg = IntegrationTest Debug|x64
		{A139880C-DA52-44C7-9F44-20B7FFD35EE1}.IntegrationTest Debug|x64.Build.0 = IntegrationTest Debug|x64
		{A139880C-DA52-44C7-9F44-20B7FFD35EE1}.IntegrationTest Release|Mixed Platforms.ActiveCfg = IntegrationTest Release|x64
		{A139880C-DA52-44C7-9F44-20B7FFD35EE1}.IntegrationTest Release|Mixed Platforms.Build.0 = IntegrationTest Release|x64
		{A139880C-DA52-44C7-9F44-20B7FFD35EE1}.IntegrationTest Release|Win32.ActiveCfg = IntegrationTest Release|x64
		{A139880C-DA52-44C7-9F44-20B7FFD35EE1}.IntegrationTest Release|x64.ActiveCfg = IntegrationTest Release|x64
		{A139880C-DA52-44C7-9F44-20B7FFD35EE1}.IntegrationTest Release|x64.Build.0 = IntegrationTest Release|x64
		{A139880C-DA52-44C7-9F44-20B7FFD35EE1}.Release|Mixed Platforms.ActiveCfg = Release|x64
		{A139880C-DA52-44C7-9F44-20B7FFD35EE1}.Release|Mixed Platforms.Build.0 = Release|x64
		{A139880C-DA52-44C7-9F44-20B7FFD35EE1}.Release|Win32.ActiveCfg = Release|x64
		{A139880C-DA52-44C7-9F44-20B7FFD35EE1}.Release|x64.ActiveCfg = Release|x64
		{A139880C-DA52-44C7-9F44-20B7FFD35EE1}.Release|x64.Build.0 = Release|x64
		{8CC4C61B-665D-4D19-9C74-2C65316E545D}.Debug|Mixed Platforms.ActiveCfg = Debug|x64
		{8CC4C61B-665D-4D19-9C74-2C65316E545D}.Debug|Mixed Platforms.Build.0 = Debug|x64
		{8CC4C61B-665D-4D19-9C74-2C65316E545D}.Debug|Win32.ActiveCfg = Debug|x64
		{8CC4C61B-665D-4D19-9C74-2C65316E545D}.Debug|x64.ActiveCfg = Debug|x64
		{8CC4C61B-665D-4D19-9C74-2C65316E545D}.Debug|x64.Build.0 = Debug|x64
		{8CC4C61B-665D-4D19-9C74-2C65316E545D}.Integration Test Release With Debug|Mixed Platforms.ActiveCfg = Integration Test Release With Debug|x64
		{8CC4C61B-665D-4D19-9C74-2C65316E545D}.Integration Test Release With Debug|Mixed Platforms.Build.0 = Integration Test Release With Debug|x64
		{8CC4C61B-665D-4D19-9C74-2C65316E545D}.Integration Test Release With Debug|Win32.ActiveCfg = Integration Test Release With Debug|x64
		{8CC4C61B-665D-4D19-9C74-2C65316E545D}.Integration Test Release With Debug|x64.ActiveCfg = Integration Test Release With Debug|x64
		{8CC4C61B-665D-4D19-9C74-2C65316E545D}.Integration Test Release With Debug|x64.Build.0 = Integration Test Release With Debug|x64
		{8CC4C61B-665D-4D19-9C74-2C65316E545D}.IntegrationTest Debug|Mixed Platforms.ActiveCfg = IntegrationTest Debug|x64
		{8CC4C61B-665D-4D19-9C74-2C65316E545D}.IntegrationTest Debug|Mixed Platforms.Build.0 = IntegrationTest Debug|x64
		{8CC4C61B-665D-4D19-9C74-2C65316E545D}.IntegrationTest Debug|Win32.ActiveCfg = IntegrationTest Debug|x64
		{8CC4C61B-665D-4D19-9C74-2C65316E545D}.IntegrationTest Debug|x64.ActiveCfg = IntegrationTest Debug|x64
		{8CC4C61B-665D-4D19-9C74-2C65316E545D}.IntegrationTest Debug|x64.Build.0 = IntegrationTest Debug|x64
		{8CC4C61B-665D-4D19-9C74-2C65316E545D}.IntegrationTest Release|Mixed Platforms.ActiveCfg = IntegrationTest Release|x64
		{8CC4C61B-665D-4D19-9C74-2C65316E545D}.IntegrationTest Release|Mixed Platforms.Build.0 = IntegrationTest Release|x64
		{8CC4C61B-665D-4D19-9C74-2C65316E545D}.IntegrationTest Release|Win32.ActiveCfg = IntegrationTest Release|x64
		{8CC4C61B-665D-4D19-9C74-2C65316E545D}.IntegrationTest Release|x64.ActiveCfg = IntegrationTest Release|x64
		{8CC4C61B-665D-4D19-9C74-2C65316E545D}.IntegrationTest Release|x64.Build.0 = IntegrationTest Release|x64
		{8CC4C61B-665D-4D19-9C74-2C65316E545D}.Release|Mixed Platforms.ActiveCfg = Release|x64
		{8CC4C61B-665D-4D19-9C74-2C65316E545D}.Release|Mixed Platforms.Build.0 = Release|x64
		{8CC4C61B-665D-4D19-9C74-2C65316E545D}.Release|Win32.ActiveCfg = Release|x64
		{8CC4C61B-665D-4D19-9C74-2C65316E545D}.Release|x64.ActiveCfg = Release|x64
		{8CC4C61B-665D-4D19-9C74-2C65316E545D}.Release|x64.Build.0 = Release|x64
		{BBDD266D-6E3F-48C1-8FC6-D5D0B61727B7}.Debug|Mixed Platforms.ActiveCfg = Debug|x64
		{BBDD266D-6E3F-48C1-8FC6-D5D0B61727B7}.Debug|Mixed Platforms.Build.0 = Debug|x64
		{BBDD266D-6E3F-48C1-8FC6-D5D0B61727B7}.Debug|Win32.ActiveCfg = Debug|x64
		{BBDD266D-6E3F-48C1-8FC6-D5D0B61727B7}.Debug|x64.ActiveCfg = Debug|x64
		{BBDD266D-6E3F-48C1-8FC6-D5D0B61727B7}.Debug|x64.Build.0 = Debug|x64
		{BBDD266D-6E3F-48C1-8FC6-D5D0B61727B7}.Integration Test Release With Debug|Mixed Platforms.ActiveCfg = Integration Test Release With Debug|x64
		{BBDD266D-6E3F-48C1-8FC6-D5D0B61727B7}.Integration Test Release With Debug|Mixed Platforms.Build.0 = Integration Test Release With Debug|x64
		{BBDD266D-6E3F-48C1-8FC6-D5D0B61727B7}.Integration Test Release With Debug|Win32.ActiveCfg = Integration Test Release With Debug|x64
		{BBDD266D-6E3F-48C1-8FC6-D5D0B61727B7}.Integration Test Release With Debug|x64.ActiveCfg = Integration Test Release With Debug|x64
		{BBDD266D-6E3F-48C1-8FC6-D5D0B61727B7}.Integration Test Release With Debug|x64.Build.0 = Integration Test Release With Debug|x64
		{BBDD266D-6E3F-48C1-8FC6-D5D0B61727B7}.IntegrationTest Debug|Mixed Platforms.ActiveCfg = IntegrationTest Debug|x64
		{BBDD266D-6E3F-48C1-8FC6-D5D0B61727B7}.IntegrationTest Debug|Mixed Platforms.Build.0 = IntegrationTest Debug|x64
		{BBDD266D-6E3F-48C1-8FC6-D5D0B61727B7}.IntegrationTest Debug|Win32.ActiveCfg = IntegrationTest Debug|x64
		{BBDD266D-6E3F-48C1-8FC6-D5D0B61727B7}.IntegrationTest Debug|x64.ActiveCfg = IntegrationTest Debug|x64
		{BBDD266D-6E3F-48C1-8FC6-D5D0B61727B7}.IntegrationTest Debug|x64.Build.0 = IntegrationTest Debug|x64
		{BBDD266D-6E3F-48C1-8FC6-D5D0B61727B7}.IntegrationTest Release|Mixed Platforms.ActiveCfg = IntegrationTest Release|x64
		{BBDD266D-6E3F-48C1-8FC6-D5D0B61727B7}.IntegrationTest Release|Mixed Platforms.Build.0 = IntegrationTest Release|x64
		{BBDD266D-6E3F-48C1-8FC6-D5D0B61727B7}.IntegrationTest Release|Win32.ActiveCfg = IntegrationTest Release|x64
		{BBDD266D-6E3F-48C1-8FC6-D5D0B61727B7}.IntegrationTest Release|x64.ActiveCfg = IntegrationTest Release|x64
		{BBDD266D-6E3F-48C1-8FC6-D5D0B61727B7}.IntegrationTest Release|x64.Build.0 = IntegrationTest Release|x64
		{BBDD266D-6E3F-48C1-8FC6-D5D0B61727B7}.Release|Mixed Platforms.ActiveCfg = Release|x64
		{BBDD266D-6E3F-48C1-8FC6-D5D0B61727B7}.Release|Mixed Platforms.Build.0 = Release|x64
		{BBDD266D-6E3F-48C1-8FC6-D5D0B61727B7}.Release|Win32.ActiveCfg = Release|x64
		{BBDD266D-6E3F-48C1-8FC6-D5D0B61727B7}.Release|x64.ActiveCfg = Release|x64
		{BBDD266D-6E3F-48C1-8FC6-D5D0B61727B7}.Release|x64.Build.0 = Release|x64
		{412EA587-7361-4E82-B772-8A7FD380B6B8}.Debug|Mixed Platforms.ActiveCfg = Debug|x64
		{412EA587-7361-4E82-B772-8A7FD380B6B8}.Debug|Mixed Platforms.Build.0 = Debug|x64
		{412EA587-7361-4E82-B772-8A7FD380B6B8}.Debug|Win32.ActiveCfg = Debug|x64
		{412EA587-7361-4E82-B772-8A7FD380B6B8}.Debug|x64.ActiveCfg = Debug|x64
		{412EA587-7361-4E82-B772-8A7FD380B6B8}.Debug|x64.Build.0 = Debug|x64
		{412EA587-7361-4E82-B772-8A7FD380B6B8}.Integration Test Release With Debug|Mixed Platforms.ActiveCfg = Integration Test Release With Debug|x64
		{412EA587-7361-4E82-B772-8A7FD380B6B8}.Integration Test Release With Debug|Mixed Platforms.Build.0 = Integration Test Release With Debug|x64
		{412EA587-7361-4E82-B772-8A7FD380B6B8}.Integration Test Release With Debug|Win32.ActiveCfg = Integration Test Release With Debug|x64
		{412EA587-7361-4E82-B772-8A7FD380B6B8}.Integration Test Release With Debug|x64.ActiveCfg = Integration Test Release With Debug|x64
		{412EA587-7361-4E82-B772-8A7FD380B6B8}.Integration Test Release With Debug|x64.Build.0 = Integration Test Release With Debug|x64
		{412EA587-7361-4E82-B772-8A7FD380B6B8}.IntegrationTest Debug|Mixed Platforms.ActiveCfg = IntegrationTest Debug|x64
		{412EA587-7361-4E82-B772-8A7FD380B6B8}.IntegrationTest Debug|Mixed Platforms.Build.0 = IntegrationTest Debug|x64
		{412EA587-7361-4E82-B772-8A7FD380B6B8}.IntegrationTest Debug|Win32.ActiveCfg = IntegrationTest Debug|x64
		{412EA587-7361-4E82-B772-8A7FD380B6B8}.IntegrationTest Debug|x64.ActiveCfg = IntegrationTest Debug|x64
		{412EA587-7361-4E82-B772-8A7FD380B6B8}.IntegrationTest Debug|x64.Build.0 = IntegrationTest Debug|x64
		{412EA587-7361-4E82-B772-8A7FD380B6B8}.IntegrationTest Release|Mixed Platforms.ActiveCfg = IntegrationTest Release|x64
		{412EA587-7361-4E82-B772-8A7FD380B6B8}.IntegrationTest Release|Mixed Platforms.Build.0 = IntegrationTest Release|x64
		{412EA587-7361-4E82-B772-8A7FD380B6B8}.IntegrationTest Release|Win32.ActiveCfg = IntegrationTest Release|x64
		{412EA587-7361-4E82-B772-8A7FD380B6B8}.IntegrationTest Release|x64.ActiveCfg = IntegrationTest Release|x64
		{412EA587-7361-4E82-B772-8A7FD380B6B8}.IntegrationTest Release|x64.Build.0 = IntegrationTest Release|x64
		{412EA587-7361-4E82-B772-8A7FD380B6B8}.Release|Mixed Platforms.ActiveCfg = Release|x64
		{412EA587-7361-4E82-B772-8A7FD380B6B8}.Release|Mixed Platforms.Build.0 = Release|x64
		{412EA587-7361-4E82-B772-8A7FD380B6B8}.Release|Win32.ActiveCfg = Release|x64
		{412EA587-7361-4E82-B772-8A7FD380B6B8}.Release|x64.ActiveCfg = Release|x64
		{412EA587-7361-4E82-B772-8A7FD380B6B8}.Release|x64.Build.0 = Release|x64
		{91063F81-9843-470B-87B5-1BD9E7D9251E}.Debug|Mixed Platforms.ActiveCfg = Debug|x64
		{91063F81-9843-470B-87B5-1BD9E7D9251E}.Debug|Mixed Platforms.Build.0 = Debug|x64
		{91063F81-9843-470B-87B5-1BD9E7D9251E}.Debug|Win32.ActiveCfg = Debug|x64
		{91063F81-9843-470B-87B5-1BD9E7D9251E}.Debug|x64.ActiveCfg = Debug|x64
		{91063F81-9843-470B-87B5-1BD9E7D9251E}.Debug|x64.Build.0 = Debug|x64
		{91063F81-9843-470B-87B5-1BD9E7D9251E}.Integration Test Release With Debug|Mixed Platforms.ActiveCfg = Integration Test Release With Debug|x64
		{91063F81-9843-470B-87B5-1BD9E7D9251E}.Integration Test Release With Debug|Mixed Platforms.Build.0 = Integration Test Release With Debug|x64
		{91063F81-9843-470B-87B5-1BD9E7D9251E}.Integration Test Release With Debug|Win32.ActiveCfg = Integration Test Release With Debug|x64
		{91063F81-9843-470B-87B5-1BD9E7D9251E}.Integration Test Release With Debug|x64.ActiveCfg = Integration Test Release With Debug|x64
		{91063F81-9843-470B-87B5-1BD9E7D9251E}.Integration Test Release With Debug|x64.Build.0 = Integration Test Release With Debug|x64
		{91063F81-9843-470B-87B5-1BD9E7D9251E}.IntegrationTest Debug|Mixed Platforms.ActiveCfg = IntegrationTest Debug|x64
		{91063F81-9843-470B-87B5-1BD9E7D9251E}.IntegrationTest Debug|Mixed Platforms.Build.0 = IntegrationTest Debug|x64
		{91063F81-9843-470B-87B5-1BD9E7D9251E}.IntegrationTest Debug|Win32.ActiveCfg = IntegrationTest Debug|x64
		{91063F81-9843-470B-87B5-1BD9E7D9251E}.IntegrationTest Debug|x64.ActiveCfg = IntegrationTest Debug|x64
		{91063F81-9843-470B-87B5-1BD9E7D9251E}.IntegrationTest Debug|x64.Build.0 = IntegrationTest Debug|x64
		{91063F81-9843-470B-87B5-1BD9E7D9251E}.IntegrationTest Release|Mixed Platforms.ActiveCfg = IntegrationTest Release|x64
		{91063F81-9843-470B-87B5-1BD9E7D9251E}.IntegrationTest Release|Mixed Platforms.Build.0 = IntegrationTest Release|x64
		{91063F81-9843-470B-87B5-1BD9E7D9251E}.IntegrationTest Release|Win32.ActiveCfg = IntegrationTest Release|x64
		{91063F81-9843-470B-87B5-1BD9E7D9251E}.IntegrationTest Release|x64.ActiveCfg = IntegrationTest Release|x64
		{91063F81-9843-470B-87B5-1BD9E7D9251E}.IntegrationTest Release|x64.Build.0 = IntegrationTest Release|x64
		{91063F81-9843-470B-87B5-1BD9E7D9251E}.Release|Mixed Platforms.ActiveCfg = Release|x64
		{91063F81-9843-470B-87B5-1BD9E7D9251E}.Release|Mixed Platforms.Build.0 = Release|x64
		{91063F81-9843-470B-87B5-1BD9E7D9251E}.Release|Win32.ActiveCfg = Release|x64
		{91063F81-9843-470B-87B5-1BD9E7D9251E}.Release|x64.ActiveCfg = Release|x64
		{91063F81-9843-470B-87B5-1BD9E7D9251E}.Release|x64.Build.0 = Release|x64
		{04DEF9AE-5B98-47E2-9FCE-35897574EEA9}.Debug|Mixed Platforms.ActiveCfg = Debug|x64
		{04DEF9AE-5B98-47E2-9FCE-35897574EEA9}.Debug|Mixed Platforms.Build.0 = Debug|x64
		{04DEF9AE-5B98-47E2-9FCE-35897574EEA9}.Debug|Win32.ActiveCfg = Debug|x64
		{04DEF9AE-5B98-47E2-9FCE-35897574EEA9}.Debug|x64.ActiveCfg = Debug|x64
		{04DEF9AE-5B98-47E2-9FCE-35897574EEA9}.Debug|x64.Build.0 = Debug|x64
		{04DEF9AE-5B98-47E2-9FCE-35897574EEA9}.Integration Test Release With Debug|Mixed Platforms.ActiveCfg = Integration Test Release With Debug|x64
		{04DEF9AE-5B98-47E2-9FCE-35897574EEA9}.Integration Test Release With Debug|Mixed Platforms.Build.0 = Integration Test Release With Debug|x64
		{04DEF9AE-5B98-47E2-9FCE-35897574EEA9}.Integration Test Release With Debug|Win32.ActiveCfg = Integration Test Release With Debug|x64
		{04DEF9AE-5B98-47E2-9FCE-35897574EEA9}.Integration Test Release With Debug|x64.ActiveCfg = Integration Test Release With Debug|x64
		{04DEF9AE-5B98-47E2-9FCE-35897574EEA9}.Integration Test Release With Debug|x64.Build.0 = Integration Test Release With Debug|x64
		{04DEF9AE-5B98-47E2-9FCE-35897574EEA9}.IntegrationTest Debug|Mixed Platforms.ActiveCfg = IntegrationTest Debug|x64
		{04DEF9AE-5B98-47E2-9FCE-35897574EEA9}.IntegrationTest Debug|Mixed Platforms.Build.0 = IntegrationTest Debug|x64
		{04DEF9AE-5B98-47E2-9FCE-35897574EEA9}.IntegrationTest Debug|Win32.ActiveCfg = IntegrationTest Debug|x64
		{04DEF9AE-5B98-47E2-9FCE-35897574EEA9}.IntegrationTest Debug|x64.ActiveCfg = IntegrationTest Debug|x64
		{04DEF9AE-5B98-47E2-9FCE-35897574EEA9}.IntegrationTest Debug|x64.Build.0 = IntegrationTest Debug|x64
		{04DEF9AE-5B98-47E2-9FCE-35897574EEA9}.IntegrationTest Release|Mixed Platforms.ActiveCfg = IntegrationTest Release|x64
		{04DEF9AE-5B98-47E2-9FCE-35897574EEA9}.IntegrationTest Release|Mixed Platforms.Build.0 = IntegrationTest Release|x64
		{04DEF9AE-5B98-47E2-9FCE-35897574EEA9}.IntegrationTest Release|Win32.ActiveCfg = IntegrationTest Release|x64
		{04DEF9AE-5B98-47E2-9FCE-35897574EEA9}.IntegrationTest Release|x64.ActiveCfg = IntegrationTest Release|x64
		{04DEF9AE-5B98-47E2-9FCE-35897574EEA9}.IntegrationTest Release|x64.Build.0 = IntegrationTest Release|x64
		{04DEF9AE-5B98-47E2-9FCE-35897574EEA9}.Release|Mixed Platforms.ActiveCfg = Release|x64
		{04DEF9AE-5B98-47E2-9FCE-35897574EEA9}.Release|Mixed Platforms.Build.0 = Release|x64
		{04DEF9AE-5B98-47E2-9FCE-35897574EEA9}.Release|Win32.ActiveCfg = Release|x64
		{04DEF9AE-5B98-47E2-9FCE-35897574EEA9}.Release|x64.ActiveCfg = Release|x64
		{04DEF9AE-5B98-47E2-9FCE-35897574EEA9}.Release|x64.Build.0 = Release|x64
		{01DD04E3-50A7-44F5-AA5F-77531E14ADCF}.Debug|Mixed Platforms.ActiveCfg = Debug|x64
		{01DD04E3-50A7-44F5-AA5F-77531E14ADCF}.Debug|Mixed Platforms.Build.0 = Debug|x64
		{01DD04E3-50A7-44F5-AA5F-77531E14ADCF}.Debug|Win32.ActiveCfg = Debug|x64
		{01DD04E3-50A7-44F5-AA5F-77531E14ADCF}.Debug|x64.ActiveCfg = Debug|x64
		{01DD04E3-50A7-44F5-AA5F-77531E14ADCF}.Debug|x64.Build.0 = Debug|x64
		{01DD04E3-50A7-44F5-AA5F-77531E14ADCF}.Integration Test Release With Debug|Mixed Platforms.ActiveCfg = Integration Test Release With Debug|x64
		{01DD04E3-50A7-44F5-AA5F-77531E14ADCF}.Integration Test Release With Debug|Mixed Platforms.Build.0 = Integration Test Release With Debug|x64
		{01DD04E3-50A7-44F5-AA5F-77531E14ADCF}.Integration Test Release With Debug|Win32.ActiveCfg = Integration Test Release With Debug|x64
		{01DD04E3-50A7-44F5-AA5F-77531E14ADCF}.Integration Test Release With Debug|x64.ActiveCfg = Integration Test Release With Debug|x64
		{01DD04E3-50A7-44F5-AA5F-77531E14ADCF}.Integration Test Release With Debug|x64.Build.0 = Integration Test Release With Debug|x64
		{01DD04E3-50A7-44F5-AA5F-77531E14ADCF}.IntegrationTest Debug|Mixed Platforms.ActiveCfg = IntegrationTest Debug|x64
		{01DD04E3-50A7-44F5-AA5F-77531E14ADCF}.IntegrationTest Debug|Mixed Platforms.Build.0 = IntegrationTest Debug|x64
		{01DD04E3-50A7-44F5-AA5F-77531E14ADCF}.IntegrationTest Debug|Win32.ActiveCfg = IntegrationTest Debug|x64
		{01DD04E3-50A7-44F5-AA5F-77531E14ADCF}.IntegrationTest Debug|x64.ActiveCfg = IntegrationTest Debug|x64
		{01DD04E3-50A7-44F5-AA5F-77531E14ADCF}.IntegrationTest Debug|x64.Build.0 = IntegrationTest Debug|x64
		{01DD04E3-50A7-44F5-AA5F-77531E14ADCF}.IntegrationTest Release|Mixed Platforms.ActiveCfg = IntegrationTest Release|x64
		{01DD04E3-50A7-44F5-AA5F-77531E14ADCF}.IntegrationTest Release|Mixed Platforms.Build.0 = IntegrationTest Release|x64
		{01DD04E3-50A7-44F5-AA5F-77531E14ADCF}.IntegrationTest Release|Win32.ActiveCfg = IntegrationTest Release|x64
		{01DD04E3-50A7-44F5-AA5F-77531E14ADCF}.IntegrationTest Release|x64.ActiveCfg = IntegrationTest Release|x64
		{01DD04E3-50A7-44F5-AA5F-77531E14ADCF}.IntegrationTest Release|x64.Build.0 = IntegrationTest Release|x64
		{01DD04E3-50A7-44F5-AA5F-77531E14ADCF}.Release|Mixed Platforms.ActiveCfg = Release|x64
		{01DD04E3-50A7-44F5-AA5F-77531E14ADCF}.Release|Mixed Platforms.Build.0 = Release|x64
		{01DD04E3-50A7-44F5-AA5F-77531E14ADCF}.Release|Win32.ActiveCfg = Release|x64
		{01DD04E3-50A7-44F5-AA5F-77531E14ADCF}.Release|x64.ActiveCfg = Release|x64
		{01DD04E3-50A7-44F5-AA5F-77531E14ADCF}.Release|x64.Build.0 = Release|x64
		{10D962ED-8538-4711-B0D5-411B6F06DB5C}.Debug|Mixed Platforms.ActiveCfg = Debug|x64
		{10D962ED-8538-4711-B0D5-411B6F06DB5C}.Debug|Mixed Platforms.Build.0 = Debug|x64
		{10D962ED-8538-4711-B0D5-411B6F06DB5C}.Debug|Win32.ActiveCfg = Debug|x64
		{10D962ED-8538-4711-B0D5-411B6F06DB5C}.Debug|x64.ActiveCfg = Debug|x64
		{10D962ED-8538-4711-B0D5-411B6F06DB5C}.Debug|x64.Build.0 = Debug|x64
		{10D962ED-8538-4711-B0D5-411B6F06DB5C}.Integration Test Release With Debug|Mixed Platforms.ActiveCfg = Integration Test Release With Debug|x64
		{10D962ED-8538-4711-B0D5-411B6F06DB5C}.Integration Test Release With Debug|Mixed Platforms.Build.0 = Integration Test Release With Debug|x64
		{10D962ED-8538-4711-B0D5-411B6F06DB5C}.Integration Test Release With Debug|Win32.ActiveCfg = Integration Test Release With Debug|x64
		{10D962ED-8538-4711-B0D5-411B6F06DB5C}.Integration Test Release With Debug|x64.ActiveCfg = Integration Test Release With Debug|x64
		{10D962ED-8538-4711-B0D5-411B6F06DB5C}.Integration Test Release With Debug|x64.Build.0 = Integration Test Release With Debug|x64
		{10D962ED-8538-4711-B0D5-411B6F06DB5C}.IntegrationTest Debug|Mixed Platforms.ActiveCfg = Debug|x64
		{10D962ED-8538-4711-B0D5-411B6F06DB5C}.IntegrationTest Debug|Mixed Platforms.Build.0 = Debug|x64
		{10D962ED-8538-4711-B0D5-411B6F06DB5C}.IntegrationTest Debug|Win32.ActiveCfg = Debug|x64
		{10D962ED-8538-4711-B0D5-411B6F06DB5C}.IntegrationTest Debug|x64.ActiveCfg = Debug|x64
		{10D962ED-8538-4711-B0D5-411B6F06DB5C}.IntegrationTest Debug|x64.Build.0 = Debug|x64
		{10D962ED-8538-4711-B0D5-411B6F06DB5C}.IntegrationTest Release|Mixed Platforms.ActiveCfg = Release|x64
		{10D962ED-8538-4711-B0D5-411B6F06DB5C}.IntegrationTest Release|Mixed Platforms.Build.0 = Release|x64
		{10D962ED-8538-4711-B0D5-411B6F06DB5C}.IntegrationTest Release|Win32.ActiveCfg = Release|x64
		{10D962ED-8538-4711-B0D5-411B6F06DB5C}.IntegrationTest Release|x64.ActiveCfg = Release|x64
		{10D962ED-8538-4711-B0D5-411B6F06DB5C}.IntegrationTest Release|x64.Build.0 = Release|x64
		{10D962ED-8538-4711-B0D5-411B6F06DB5C}.Release|Mixed Platforms.ActiveCfg = Release|x64
		{10D962ED-8538-4711-B0D5-411B6F06DB5C}.Release|Mixed Platforms.Build.0 = Release|x64
		{10D962ED-8538-4711-B0D5-411B6F06DB5C}.Release|Win32.ActiveCfg = Release|x64
		{10D962ED-8538-4711-B0D5-411B6F06DB5C}.Release|x64.ActiveCfg = Release|x64
		{10D962ED-8538-4711-B0D5-411B6F06DB5C}.Release|x64.Build.0 = Release|x64
	EndGlobalSection
	GlobalSection(SolutionProperties) = preSolution
		HideSolutionNode = FALSE
	EndGlobalSection
EndGlobal
