<?xml version="1.0" encoding="utf-8"?>
<Project ToolsVersion="4.0" xmlns="http://schemas.microsoft.com/developer/msbuild/2003">
  <ItemGroup>
    <Filter Include="Solver">
      <UniqueIdentifier>{d7a6323a-7314-4cea-923c-cdfc89998332}</UniqueIdentifier>
    </Filter>
    <Filter Include="AMG">
      <UniqueIdentifier>{33b956bb-f679-4ce1-a8b9-76af3244edc8}</UniqueIdentifier>
    </Filter>
  </ItemGroup>
  <ItemGroup>
    <ClCompile Include="FloridaSparseMatrixReaderTest.cpp" />
    <ClCompile Include="FloridaVectorReaderTest.cpp" />
    <ClCompile Include="LinAlgOperatorTest.cpp" />
    <ClCompile Include="LinAlgTest.cpp" />
    <ClCompile Include="main.cpp" />
    <ClCompile Include="MultiColorTest.cpp" />
    <ClCompile Include="pch.cpp" />
    <ClCompile Include="UHMatrixTest.cpp" />
    <ClCompile Include="UTMatrixTest.cpp" />
    <ClCompile Include="bcsstk05Test.cpp">
      <Filter>Solver</Filter>
    </ClCompile>
    <ClCompile Include="fs_680_1_Test.cpp">
      <Filter>Solver</Filter>
    </ClCompile>
    <ClCompile Include="GaussJordanTest.cpp">
      <Filter>Solver</Filter>
    </ClCompile>
    <ClCompile Include="LUDecompositionTest.cpp">
      <Filter>Solver</Filter>
    </ClCompile>
    <ClCompile Include="spiralTest.cpp">
      <Filter>Solver</Filter>
    </ClCompile>
    <ClCompile Include="sts4098Test.cpp">
      <Filter>Solver</Filter>
    </ClCompile>
    <ClCompile Include="VersteegMalalasekeraTest.cpp">
      <Filter>Solver</Filter>
    </ClCompile>
    <ClCompile Include="MatrixStencilTest.cpp" />
    <ClCompile Include="InputIteratorTest.cpp" />
    <ClCompile Include="AMGVariableCardinalityTest.cpp">
      <Filter>AMG</Filter>
    </ClCompile>
    <ClCompile Include="VariableInfluenceAccessorTest.cpp">
      <Filter>AMG</Filter>
    </ClCompile>
    <ClCompile Include="AMGStandardSplittingTest.cpp">
      <Filter>AMG</Filter>
    </ClCompile>
    <ClCompile Include="AMGStandardCoarseningTest.cpp">
      <Filter>AMG</Filter>
    </ClCompile>
    <ClCompile Include="SparseMatrixColumnIteratorTest.cpp" />
    <ClCompile Include="SparseMatrixRowIteratorTest.cpp" />
    <ClCompile Include="SparseMatrixTest.cpp" />
    <ClCompile Include="OffshoreTest.cpp">
      <Filter>Solver</Filter>
    </ClCompile>
    <ClCompile Include="SparseLinearSolverTest.cpp">
      <Filter>Solver</Filter>
    </ClCompile>
    <ClCompile Include="FIDAP_EX5_Test.cpp">
      <Filter>Solver</Filter>
    </ClCompile>
    <ClCompile Include="ParallelLinAlgOperationsTest.cpp" />
    <ClCompile Include="AMGWCycleTest.cpp">
      <Filter>AMG</Filter>
    </ClCompile>
    <ClCompile Include="BinaryHeapTest.cpp" />
    <ClCompile Include="PriorityArrayTest.cpp" />
    <ClCompile Include="AMGVCycleTest.cpp">
      <Filter>AMG</Filter>
    </ClCompile>
    <ClCompile Include="AMGSolverTest.cpp">
      <Filter>AMG</Filter>
    </ClCompile>
    <ClCompile Include="AMGHierarchyBuilderTest.cpp">
      <Filter>AMG</Filter>
    </ClCompile>
    <ClCompile Include="AMGDirectInterpolationPolicyTest.cpp">
      <Filter>AMG</Filter>
    </ClCompile>
    <ClCompile Include="AMGCoarseVariableIndexerTest.cpp">
      <Filter>AMG</Filter>
    </ClCompile>
    <ClCompile Include="MultigridTutorialExampleTestFramework.cpp">
      <Filter>AMG</Filter>
    </ClCompile>
    <ClCompile Include="MultigridTutorialExampleTestFrameworkTest.cpp">
      <Filter>AMG</Filter>
    </ClCompile>
    <ClCompile Include="AMGCThenFReleaxationPolicyTest.cpp">
      <Filter>AMG</Filter>
    </ClCompile>
    <ClCompile Include="MultigridTutorialExampleTestFrameworkAMGTest.cpp">
      <Filter>AMG</Filter>
    </ClCompile>
    <ClCompile Include="AMGStandardInterpolationPolicyTest.cpp">
      <Filter>AMG</Filter>
    </ClCompile>
    <ClCompile Include="AMGExtendedPlusInterpolationPolicyTest.cpp">
      <Filter>AMG</Filter>
    </ClCompile>
  </ItemGroup>
  <ItemGroup>
    <ClInclude Include="VersteegMalalasekeraTest.h">
      <Filter>Solver</Filter>
    </ClInclude>
    <ClInclude Include="bcsstk05Test.h">
      <Filter>Solver</Filter>
    </ClInclude>
    <ClInclude Include="sts4098Test.h">
      <Filter>Solver</Filter>
    </ClInclude>
    <ClInclude Include="fs_680_1_Test.h">
      <Filter>Solver</Filter>
    </ClInclude>
    <ClInclude Include="spiralTest.h">
      <Filter>Solver</Filter>
    </ClInclude>
    <ClInclude Include="GaussJordanTest.h">
      <Filter>Solver</Filter>
    </ClInclude>
    <ClInclude Include="LUDecompositionTest.h">
      <Filter>Solver</Filter>
    </ClInclude>
    <ClInclude Include="FloridaSparseMatrixReaderTest.h" />
    <ClInclude Include="FloridaVectorReaderTest.h" />
    <ClInclude Include="LinAlgOperatorTest.h" />
    <ClInclude Include="LinAlgTest.h" />
    <ClInclude Include="MultiColorTest.h" />
    <ClInclude Include="pch.h" />
    <ClInclude Include="UHMatrixTest.h" />
    <ClInclude Include="UTMatrixTest.h" />
    <ClInclude Include="MatrixStencilTest.h" />
    <ClInclude Include="InputIteratorTest.h" />
    <ClInclude Include="AMGVariableCardinalityTest.h">
      <Filter>AMG</Filter>
    </ClInclude>
    <ClInclude Include="VariableInfluenceAccessorTest.h">
      <Filter>AMG</Filter>
    </ClInclude>
    <ClInclude Include="AMGStandardSplittingTest.h">
      <Filter>AMG</Filter>
    </ClInclude>
    <ClInclude Include="SparseMatrixColumnIteratorTest.h" />
    <ClInclude Include="SparseMatrixRowIteratorTest.h" />
    <ClInclude Include="SparseMatrixTest.h" />
    <ClInclude Include="OffshoreTest.h">
      <Filter>Solver</Filter>
    </ClInclude>
    <ClInclude Include="SparseLinearSolverTest.h">
      <Filter>Solver</Filter>
    </ClInclude>
    <ClInclude Include="FIDAP_EX5_Test.h">
      <Filter>Solver</Filter>
    </ClInclude>
    <ClInclude Include="ParallelLinAlgOperationsTest.h" />
    <ClInclude Include="BinaryHeapTest.h" />
    <ClInclude Include="PriorityArrayTest.h" />
    <ClInclude Include="MultigridTutorialExampleTestFramework.h">
      <Filter>AMG</Filter>
    </ClInclude>
    <ClInclude Include="ComplexGraphTest.hpp">
      <Filter>AMG</Filter>
    </ClInclude>
    <ClInclude Include="MultigridTutorialExampleP144Test.hpp">
      <Filter>AMG</Filter>
    </ClInclude>
    <ClInclude Include="UnitTestForwardDeclarationHelper.h" />
  </ItemGroup>
</Project>