<?xml version="1.0" encoding="utf-8"?>
<Project ToolsVersion="4.0" xmlns="http://schemas.microsoft.com/developer/msbuild/2003">
  <ItemGroup>
    <ClCompile Include="reporting.cpp" />
    <ClCompile Include="pch.cpp" />
  </ItemGroup>
  <ItemGroup>
    <ClInclude Include="DeclSpec.h" />
    <ClInclude Include="pch.h" />
    <ClInclude Include="reporting.h" />
    <ClInclude Include="InputIterator.hpp" />
    <ClInclude Include="IInputIteratorLogic.h" />
    <ClInclude Include="parallel.hpp" />
    <ClInclude Include="BinaryHeap.hpp" />
  </ItemGroup>
</Project>