<?xml version="1.0" encoding="utf-8"?>
<Project ToolsVersion="4.0" xmlns="http://schemas.microsoft.com/developer/msbuild/2003">
  <ItemGroup>
    <ClCompile Include="internal\SymmetryStrategyFactory.cpp">
      <Filter>internal</Filter>
    </ClCompile>
    <ClCompile Include="internal\SymmetricStrategy.cpp">
      <Filter>internal</Filter>
    </ClCompile>
    <ClCompile Include="internal\UnsymmetricStrategy.cpp">
      <Filter>internal</Filter>
    </ClCompile>
    <ClCompile Include="FloridaSparseMatrixBuilder.cpp" />
    <ClCompile Include="FloridaSparseMatrixReader.cpp" />
    <ClCompile Include="FloridaVectorBuilder.cpp" />
    <ClCompile Include="FloridaVectorReader.cpp" />
    <ClCompile Include="pch.cpp" />
    <ClCompile Include="SparseMatrixBinaryReader.cpp" />
    <ClCompile Include="SparseMatrixReaderCreator.cpp" />
    <ClCompile Include="VectorBinaryReader.cpp" />
    <ClCompile Include="VectorReaderCreator.cpp" />
  </ItemGroup>
  <ItemGroup>
    <ClInclude Include="DeclSpec.h" />
    <ClInclude Include="FloridaSparseMatrixBuilder.h" />
    <ClInclude Include="FloridaSparseMatrixReader.h" />
    <ClInclude Include="FloridaVectorBuilder.h" />
    <ClInclude Include="FloridaVectorReader.h" />
    <ClInclude Include=".\IMatrixBuilder.h" />
    <ClInclude Include="ISparseMatrixReader.h" />
    <ClInclude Include="IVectorBuilder.h" />
    <ClInclude Include="IVectorReader.h" />
    <ClInclude Include="pch.h" />
    <ClInclude Include="SparseMatrixBinaryReader.h" />
    <ClInclude Include="SparseMatrixReaderCreator.h" />
    <ClInclude Include="VectorBinaryReader.h" />
    <ClInclude Include="VectorReaderCreator.h" />
    <ClInclude Include="internal\ISymmetryStrategy.h">
      <Filter>internal</Filter>
    </ClInclude>
    <ClInclude Include="internal\SymmetricStrategy.h">
      <Filter>internal</Filter>
    </ClInclude>
    <ClInclude Include="internal\SymmetryStrategyFactory.h">
      <Filter>internal</Filter>
    </ClInclude>
    <ClInclude Include="internal\UnsymmetricStrategy.h">
      <Filter>internal</Filter>
    </ClInclude>
  </ItemGroup>
  <ItemGroup>
    <Filter Include="internal">
      <UniqueIdentifier>{f91b7e7e-c00d-425d-b135-532ea9d2fa4f}</UniqueIdentifier>
    </Filter>
  </ItemGroup>
</Project>