<?xml version="1.0" encoding="utf-8"?>
<Project ToolsVersion="4.0" xmlns="http://schemas.microsoft.com/developer/msbuild/2003">
  <ItemGroup>
    <ClCompile Include="FloridaSparseMatrixBuilder.cpp">
      <Filter>Source Files</Filter>
    </ClCompile>
    <ClCompile Include="FloridaSparseMatrixReader.cpp">
      <Filter>Source Files</Filter>
    </ClCompile>
    <ClCompile Include="FloridaVectorBuilder.cpp">
      <Filter>Source Files</Filter>
    </ClCompile>
    <ClCompile Include="FloridaVectorReader.cpp">
      <Filter>Source Files</Filter>
    </ClCompile>
    <ClCompile Include="pch.cpp">
      <Filter>Source Files</Filter>
    </ClCompile>
    <ClCompile Include="SparseMatrixBinaryReader.cpp">
      <Filter>Source Files</Filter>
    </ClCompile>
    <ClCompile Include="SparseMatrixReaderCreator.cpp">
      <Filter>Source Files</Filter>
    </ClCompile>
    <ClCompile Include="VectorBinaryReader.cpp">
      <Filter>Source Files</Filter>
    </ClCompile>
    <ClCompile Include="VectorReaderCreator.cpp">
      <Filter>Source Files</Filter>
    </ClCompile>
    <ClCompile Include="internal\SymmetryStrategyFactory.cpp">
      <Filter>Source Files\internal</Filter>
    </ClCompile>
    <ClCompile Include="internal\SymmetricStrategy.cpp">
      <Filter>Source Files\internal</Filter>
    </ClCompile>
    <ClCompile Include="internal\UnsymmetricStrategy.cpp">
      <Filter>Source Files\internal</Filter>
    </ClCompile>
  </ItemGroup>
  <ItemGroup>
    <ClInclude Include="DeclSpec.h">
      <Filter>Header Files</Filter>
    </ClInclude>
    <ClInclude Include="FloridaSparseMatrixBuilder.h">
      <Filter>Header Files</Filter>
    </ClInclude>
    <ClInclude Include="FloridaSparseMatrixReader.h">
      <Filter>Header Files</Filter>
    </ClInclude>
    <ClInclude Include="FloridaVectorBuilder.h">
      <Filter>Header Files</Filter>
    </ClInclude>
    <ClInclude Include="FloridaVectorReader.h">
      <Filter>Header Files</Filter>
    </ClInclude>
    <ClInclude Include=".\IMatrixBuilder.h">
      <Filter>Header Files</Filter>
    </ClInclude>
    <ClInclude Include="ISparseMatrixReader.h">
      <Filter>Header Files</Filter>
    </ClInclude>
    <ClInclude Include="IVectorBuilder.h">
      <Filter>Header Files</Filter>
    </ClInclude>
    <ClInclude Include="IVectorReader.h">
      <Filter>Header Files</Filter>
    </ClInclude>
    <ClInclude Include="pch.h">
      <Filter>Header Files</Filter>
    </ClInclude>
    <ClInclude Include="SparseMatrixBinaryReader.h">
      <Filter>Header Files</Filter>
    </ClInclude>
    <ClInclude Include="SparseMatrixReaderCreator.h">
      <Filter>Header Files</Filter>
    </ClInclude>
    <ClInclude Include="VectorBinaryReader.h">
      <Filter>Header Files</Filter>
    </ClInclude>
    <ClInclude Include="VectorReaderCreator.h">
      <Filter>Header Files</Filter>
    </ClInclude>
    <ClInclude Include="internal\ISymmetryStrategy.h">
      <Filter>Header Files\internal</Filter>
    </ClInclude>
    <ClInclude Include="internal\SymmetryStrategyFactory.h">
      <Filter>Header Files\internal</Filter>
    </ClInclude>
    <ClInclude Include="internal\SymmetricStrategy.h">
      <Filter>Header Files\internal</Filter>
    </ClInclude>
    <ClInclude Include="internal\UnsymmetricStrategy.h">
      <Filter>Header Files\internal</Filter>
    </ClInclude>
  </ItemGroup>
  <ItemGroup>
    <Filter Include="Header Files">
      <UniqueIdentifier>{53bbbdb3-0bc5-4aec-96ad-dac7b06106aa}</UniqueIdentifier>
    </Filter>
    <Filter Include="Source Files">
      <UniqueIdentifier>{af393965-d94e-4007-ab55-f3f8443d98c7}</UniqueIdentifier>
    </Filter>
    <Filter Include="Header Files\internal">
      <UniqueIdentifier>{d467e519-f305-4f61-8216-17f07ea7fa6b}</UniqueIdentifier>
    </Filter>
    <Filter Include="Source Files\internal">
      <UniqueIdentifier>{f91b7e7e-c00d-425d-b135-532ea9d2fa4f}</UniqueIdentifier>
    </Filter>
  </ItemGroup>
</Project>