<?xml version="1.0" encoding="utf-8"?>
<Project ToolsVersion="4.0" xmlns="http://schemas.microsoft.com/developer/msbuild/2003">
  <ItemGroup>
    <Filter Include="entities">
      <UniqueIdentifier>{691105ab-1cd7-4606-98bf-40196e596d30}</UniqueIdentifier>
    </Filter>
    <Filter Include="internal">
      <UniqueIdentifier>{f3e3025a-8fd4-4b42-a630-4e2c1682b48e}</UniqueIdentifier>
    </Filter>
    <Filter Include="MatrixIterators">
      <UniqueIdentifier>{5b96fc9f-7f9e-481b-ae97-ada33cd749bd}</UniqueIdentifier>
    </Filter>
  </ItemGroup>
  <ItemGroup>
    <ClCompile Include="UHMatrix.cpp">
      <Filter>entities</Filter>
    </ClCompile>
    <ClCompile Include="UTMatrix.cpp">
      <Filter>entities</Filter>
    </ClCompile>
    <ClCompile Include="Vector.cpp">
      <Filter>entities</Filter>
    </ClCompile>
    <ClCompile Include="TransposeVector.cpp">
      <Filter>entities</Filter>
    </ClCompile>
    <ClCompile Include="SparseMatrix2D.cpp">
      <Filter>entities</Filter>
    </ClCompile>
    <ClCompile Include="Matrix2D.cpp">
      <Filter>entities</Filter>
    </ClCompile>
    <ClCompile Include="helper.cpp" />
    <ClCompile Include="pch.cpp" />
    <ClCompile Include="VectorMath.cpp" />
    <ClCompile Include="internal\ScalarExpression.cpp">
      <Filter>internal</Filter>
    </ClCompile>
    <ClCompile Include="ConstColumnIterator.cpp">
      <Filter>MatrixIterators</Filter>
    </ClCompile>
    <ClCompile Include="ConstRowIterator.cpp">
      <Filter>MatrixIterators</Filter>
    </ClCompile>
    <ClCompile Include="TrivialEntityOperators.cpp">
      <Filter>entities</Filter>
    </ClCompile>
    <ClCompile Include="MatrixIterators.cpp">
      <Filter>MatrixIterators</Filter>
    </ClCompile>
    <ClCompile Include="ConstColumnRowIterator.cpp">
      <Filter>MatrixIterators</Filter>
    </ClCompile>
    <ClCompile Include="ConstRowColumnIterator.cpp">
      <Filter>MatrixIterators</Filter>
    </ClCompile>
  </ItemGroup>
  <ItemGroup>
    <ClInclude Include="internal\primitiveOperators.h">
      <Filter>internal</Filter>
    </ClInclude>
    <ClInclude Include="internal\ScalarExpression.h">
      <Filter>internal</Filter>
    </ClInclude>
    <ClInclude Include=".\internal\VectorBinaryExpr.h">
      <Filter>internal</Filter>
    </ClInclude>
    <ClInclude Include="internal\ScalarVectorBinaryExpr.h">
      <Filter>internal</Filter>
    </ClInclude>
    <ClInclude Include="internal\ScalarMatrixExpr.h">
      <Filter>internal</Filter>
    </ClInclude>
    <ClInclude Include=".\internal\MatrixVectorExpr.h">
      <Filter>internal</Filter>
    </ClInclude>
    <ClInclude Include="Vector.h">
      <Filter>entities</Filter>
    </ClInclude>
    <ClInclude Include="UTMatrix.h">
      <Filter>entities</Filter>
    </ClInclude>
    <ClInclude Include="UHMatrix.h">
      <Filter>entities</Filter>
    </ClInclude>
    <ClInclude Include="TransposeVector.h">
      <Filter>entities</Filter>
    </ClInclude>
    <ClInclude Include="SparseMatrix2D.h">
      <Filter>entities</Filter>
    </ClInclude>
    <ClInclude Include="Matrix2D.h">
      <Filter>entities</Filter>
    </ClInclude>
    <ClInclude Include="IMatrix2D.h">
      <Filter>entities</Filter>
    </ClInclude>
    <ClInclude Include="DeclSpec.h" />
    <ClInclude Include="helper.h" />
    <ClInclude Include="pch.h" />
    <ClInclude Include="VectorMath.h" />
    <ClInclude Include="ConstColumnIterator.h">
      <Filter>MatrixIterators</Filter>
    </ClInclude>
    <ClInclude Include="ConstRowIterator.h">
      <Filter>MatrixIterators</Filter>
    </ClInclude>
    <ClInclude Include="MatrixStencil.hpp" />
    <ClInclude Include="DirichletBoundaryConditionPolicy.hpp" />
    <ClInclude Include="PeriodicBoundaryConditionPolicy.hpp" />
    <ClInclude Include="NonTrivialEntityOperators.h">
      <Filter>entities</Filter>
    </ClInclude>
    <ClInclude Include="TrivialEntityOperators.h">
      <Filter>entities</Filter>
    </ClInclude>
    <ClInclude Include="MatrixIterators.h">
      <Filter>MatrixIterators</Filter>
    </ClInclude>
    <ClInclude Include="ConstColumnRowIterator.h">
      <Filter>MatrixIterators</Filter>
    </ClInclude>
    <ClInclude Include="ConstColumnRowIteratorBase.h">
      <Filter>MatrixIterators</Filter>
    </ClInclude>
    <ClInclude Include="ConstRowColumnIterator.h">
      <Filter>MatrixIterators</Filter>
    </ClInclude>
    <ClInclude Include="ConstRowColumnIteratorBase.h">
      <Filter>MatrixIterators</Filter>
    </ClInclude>
    <ClInclude Include="internal\entity_traits.h">
      <Filter>internal</Filter>
    </ClInclude>
    <ClInclude Include="internal\ScalarVectorExpr.h">
      <Filter>internal</Filter>
    </ClInclude>
    <ClInclude Include="internal\MatrixMatrixMul.h">
      <Filter>internal</Filter>
    </ClInclude>
    <ClInclude Include="ConstColumnIteratorForwardDecl.h">
      <Filter>MatrixIterators</Filter>
    </ClInclude>
    <ClInclude Include="ConstRowIteratorForwardDecl.h">
      <Filter>MatrixIterators</Filter>
    </ClInclude>
    <ClInclude Include="ConstColumnIteratorGeneric.hpp">
      <Filter>MatrixIterators</Filter>
    </ClInclude>
    <ClInclude Include="ConstColumnRowIteratorGeneric.hpp">
      <Filter>MatrixIterators</Filter>
    </ClInclude>
  </ItemGroup>
</Project>